
Microsoft Visual Studio Solution File, Format Version 12.00
# Visual Studio 2012
Project("{FAE04EC0-301F-11D3-BF4B-00C04F79EFBC}") = "DotNetDesign.Roulette", "DotNetDesign.Roulette\DotNetDesign.Roulette.csproj", "{D1CE198D-61CF-4FCC-9167-B1628B50FB69}"
EndProject
Global
	GlobalSection(SolutionConfigurationPlatforms) = preSolution
		Debug|Any CPU = Debug|Any CPU
		Release|Any CPU = Release|Any CPU
	EndGlobalSection
	GlobalSection(ProjectConfigurationPlatforms) = postSolution
		{D1CE198D-61CF-4FCC-9167-B1628B50FB69}.Debug|Any CPU.ActiveCfg = Debug|Any CPU
		{D1CE198D-61CF-4FCC-9167-B1628B50FB69}.Debug|Any CPU.Build.0 = Debug|Any CPU
		{D1CE198D-61CF-4FCC-9167-B1628B50FB69}.Release|Any CPU.ActiveCfg = Release|Any CPU
		{D1CE198D-61CF-4FCC-9167-B1628B50FB69}.Release|Any CPU.Build.0 = Release|Any CPU
	EndGlobalSection
	GlobalSection(SolutionProperties) = preSolution
		HideSolutionNode = FALSE
	EndGlobalSection
EndGlobal
